
Microsoft Visual Studio Solution File, Format Version 12.00
# Visual Studio Version 17
VisualStudioVersion = 17.9.34622.214
MinimumVisualStudioVersion = 10.0.40219.1
Project("{2150E333-8FDC-42A3-9474-1A3956D46DE8}") = "1 - Api and Front", "1 - Api and Front", "{992E1AFD-E4ED-4E1B-83C9-A8405444B554}"
EndProject
Project("{2150E333-8FDC-42A3-9474-1A3956D46DE8}") = "2 - Services", "2 - Services", "{803F1E11-56F0-47B7-AD20-88F7B15EF1C9}"
EndProject
Project("{2150E333-8FDC-42A3-9474-1A3956D46DE8}") = "3 - Domain", "3 - Domain", "{167B2B68-2313-46F2-8B13-D6F4D5E5A10E}"
EndProject
Project("{2150E333-8FDC-42A3-9474-1A3956D46DE8}") = "4 - Data", "4 - Data", "{B95094F6-6407-4D9E-BC48-D31077FC3F2E}"
EndProject
Project("{2150E333-8FDC-42A3-9474-1A3956D46DE8}") = "5 - Infra", "5 - Infra", "{6CA5FCB4-63A6-4818-9A4E-30761BBD4168}"
EndProject
Project("{9A19103F-16F7-4668-BE54-9A1E7A4F7556}") = "TechsysLog.Data", "TechsysLog.Data\TechsysLog.Data.csproj", "{537CAD36-8517-4BA0-9FB2-946ABB179DFB}"
EndProject
Project("{9A19103F-16F7-4668-BE54-9A1E7A4F7556}") = "TechsysLog.Domain", "TechsysLog.Domain\TechsysLog.Domain.csproj", "{6A8AB257-F4FD-415D-A6A0-EC981AA736A6}"
EndProject
Project("{9A19103F-16F7-4668-BE54-9A1E7A4F7556}") = "TechsysLog.Infra", "TechsysLog.Infra\TechsysLog.Infra.csproj", "{52EBDB33-F6B0-406B-9320-D070406AB622}"
EndProject
Project("{9A19103F-16F7-4668-BE54-9A1E7A4F7556}") = "TechsysLog.App", "TechsysLog.App\TechsysLog.App.csproj", "{DFF74458-D616-45CC-A0B5-72FA10AC699E}"
EndProject
Project("{9A19103F-16F7-4668-BE54-9A1E7A4F7556}") = "TechsysLog.Api", "TechsysLog.Api\TechsysLog.Api.csproj", "{81593A21-7B0C-40E7-ABA9-9A8AB3C3F054}"
EndProject
Project("{9A19103F-16F7-4668-BE54-9A1E7A4F7556}") = "TechsysLog.DI", "TechsysLog.DI\TechsysLog.DI.csproj", "{B1BA501A-B599-402C-9795-54354D4D6A16}"
EndProject
Project("{54A90642-561A-4BB1-A94E-469ADEE60C69}") = "TechsysLog.pedido-app", "TechsysLog.pedido-app\TechsysLog.pedido-app.esproj", "{D7405BC8-C24E-49C3-AD1C-BC41357DCF9C}"
EndProject
Project("{FAE04EC0-301F-11D3-BF4B-00C04F79EFBC}") = "TechsysLog.Test", "TechsysLog.Test\TechsysLog.Test.csproj", "{9607922A-E2EC-4391-BCBE-32C6BDF20181}"
EndProject
Global
	GlobalSection(SolutionConfigurationPlatforms) = preSolution
		Debug|Any CPU = Debug|Any CPU
		Release|Any CPU = Release|Any CPU
	EndGlobalSection
	GlobalSection(ProjectConfigurationPlatforms) = postSolution
		{537CAD36-8517-4BA0-9FB2-946ABB179DFB}.Debug|Any CPU.ActiveCfg = Debug|Any CPU
		{537CAD36-8517-4BA0-9FB2-946ABB179DFB}.Debug|Any CPU.Build.0 = Debug|Any CPU
		{537CAD36-8517-4BA0-9FB2-946ABB179DFB}.Release|Any CPU.ActiveCfg = Release|Any CPU
		{537CAD36-8517-4BA0-9FB2-946ABB179DFB}.Release|Any CPU.Build.0 = Release|Any CPU
		{6A8AB257-F4FD-415D-A6A0-EC981AA736A6}.Debug|Any CPU.ActiveCfg = Debug|Any CPU
		{6A8AB257-F4FD-415D-A6A0-EC981AA736A6}.Debug|Any CPU.Build.0 = Debug|Any CPU
		{6A8AB257-F4FD-415D-A6A0-EC981AA736A6}.Release|Any CPU.ActiveCfg = Release|Any CPU
		{6A8AB257-F4FD-415D-A6A0-EC981AA736A6}.Release|Any CPU.Build.0 = Release|Any CPU
		{52EBDB33-F6B0-406B-9320-D070406AB622}.Debug|Any CPU.ActiveCfg = Debug|Any CPU
		{52EBDB33-F6B0-406B-9320-D070406AB622}.Debug|Any CPU.Build.0 = Debug|Any CPU
		{52EBDB33-F6B0-406B-9320-D070406AB622}.Release|Any CPU.ActiveCfg = Release|Any CPU
		{52EBDB33-F6B0-406B-9320-D070406AB622}.Release|Any CPU.Build.0 = Release|Any CPU
		{DFF74458-D616-45CC-A0B5-72FA10AC699E}.Debug|Any CPU.ActiveCfg = Debug|Any CPU
		{DFF74458-D616-45CC-A0B5-72FA10AC699E}.Debug|Any CPU.Build.0 = Debug|Any CPU
		{DFF74458-D616-45CC-A0B5-72FA10AC699E}.Release|Any CPU.ActiveCfg = Release|Any CPU
		{DFF74458-D616-45CC-A0B5-72FA10AC699E}.Release|Any CPU.Build.0 = Release|Any CPU
		{81593A21-7B0C-40E7-ABA9-9A8AB3C3F054}.Debug|Any CPU.ActiveCfg = Debug|Any CPU
		{81593A21-7B0C-40E7-ABA9-9A8AB3C3F054}.Debug|Any CPU.Build.0 = Debug|Any CPU
		{81593A21-7B0C-40E7-ABA9-9A8AB3C3F054}.Release|Any CPU.ActiveCfg = Release|Any CPU
		{81593A21-7B0C-40E7-ABA9-9A8AB3C3F054}.Release|Any CPU.Build.0 = Release|Any CPU
		{B1BA501A-B599-402C-9795-54354D4D6A16}.Debug|Any CPU.ActiveCfg = Debug|Any CPU
		{B1BA501A-B599-402C-9795-54354D4D6A16}.Debug|Any CPU.Build.0 = Debug|Any CPU
		{B1BA501A-B599-402C-9795-54354D4D6A16}.Release|Any CPU.ActiveCfg = Release|Any CPU
		{B1BA501A-B599-402C-9795-54354D4D6A16}.Release|Any CPU.Build.0 = Release|Any CPU
		{D7405BC8-C24E-49C3-AD1C-BC41357DCF9C}.Debug|Any CPU.ActiveCfg = Debug|Any CPU
		{D7405BC8-C24E-49C3-AD1C-BC41357DCF9C}.Debug|Any CPU.Build.0 = Debug|Any CPU
		{D7405BC8-C24E-49C3-AD1C-BC41357DCF9C}.Debug|Any CPU.Deploy.0 = Debug|Any CPU
		{D7405BC8-C24E-49C3-AD1C-BC41357DCF9C}.Release|Any CPU.ActiveCfg = Release|Any CPU
		{D7405BC8-C24E-49C3-AD1C-BC41357DCF9C}.Release|Any CPU.Build.0 = Release|Any CPU
		{D7405BC8-C24E-49C3-AD1C-BC41357DCF9C}.Release|Any CPU.Deploy.0 = Release|Any CPU
		{9607922A-E2EC-4391-BCBE-32C6BDF20181}.Debug|Any CPU.ActiveCfg = Debug|Any CPU
		{9607922A-E2EC-4391-BCBE-32C6BDF20181}.Debug|Any CPU.Build.0 = Debug|Any CPU
		{9607922A-E2EC-4391-BCBE-32C6BDF20181}.Release|Any CPU.ActiveCfg = Release|Any CPU
		{9607922A-E2EC-4391-BCBE-32C6BDF20181}.Release|Any CPU.Build.0 = Release|Any CPU
	EndGlobalSection
	GlobalSection(SolutionProperties) = preSolution
		HideSolutionNode = FALSE
	EndGlobalSection
	GlobalSection(NestedProjects) = preSolution
		{537CAD36-8517-4BA0-9FB2-946ABB179DFB} = {B95094F6-6407-4D9E-BC48-D31077FC3F2E}
		{6A8AB257-F4FD-415D-A6A0-EC981AA736A6} = {167B2B68-2313-46F2-8B13-D6F4D5E5A10E}
		{52EBDB33-F6B0-406B-9320-D070406AB622} = {6CA5FCB4-63A6-4818-9A4E-30761BBD4168}
		{DFF74458-D616-45CC-A0B5-72FA10AC699E} = {803F1E11-56F0-47B7-AD20-88F7B15EF1C9}
		{81593A21-7B0C-40E7-ABA9-9A8AB3C3F054} = {992E1AFD-E4ED-4E1B-83C9-A8405444B554}
		{B1BA501A-B599-402C-9795-54354D4D6A16} = {6CA5FCB4-63A6-4818-9A4E-30761BBD4168}
		{D7405BC8-C24E-49C3-AD1C-BC41357DCF9C} = {992E1AFD-E4ED-4E1B-83C9-A8405444B554}
		{9607922A-E2EC-4391-BCBE-32C6BDF20181} = {992E1AFD-E4ED-4E1B-83C9-A8405444B554}
	EndGlobalSection
	GlobalSection(ExtensibilityGlobals) = postSolution
		SolutionGuid = {4827AF63-7CAF-4DA8-8FF9-B14F6C9DA9AF}
	EndGlobalSection
EndGlobal
